
Microsoft Visual Studio Solution File, Format Version 12.00
# Visual Studio Version 17
VisualStudioVersion = 17.9.34714.143
MinimumVisualStudioVersion = 10.0.40219.1
Project("{888888A0-9F3D-457C-B088-3A5042F75D52}") = "P_KtDangSo2MuK", "P_KtDangSo2MuK.pyproj", "{29FB7940-9831-4D93-B133-F674AB684441}"
EndProject
Global
	GlobalSection(SolutionConfigurationPlatforms) = preSolution
		Debug|Any CPU = Debug|Any CPU
		Release|Any CPU = Release|Any CPU
	EndGlobalSection
	GlobalSection(ProjectConfigurationPlatforms) = postSolution
		{29FB7940-9831-4D93-B133-F674AB684441}.Debug|Any CPU.ActiveCfg = Debug|Any CPU
		{29FB7940-9831-4D93-B133-F674AB684441}.Release|Any CPU.ActiveCfg = Release|Any CPU
	EndGlobalSection
	GlobalSection(SolutionProperties) = preSolution
		HideSolutionNode = FALSE
	EndGlobalSection
	GlobalSection(ExtensibilityGlobals) = postSolution
		SolutionGuid = {F7FACE51-B353-4286-A5D6-998DCB6229C1}
	EndGlobalSection
EndGlobal
